// !$*UTF8*$!
{
	archiveVersion = 1;
	classes = {
	};
	objectVersion = 50;
	objects = {

/* Begin PBXBuildFile section */
		12234E97471AF60BFC94B9D9 /* libPods-PersonalizeMNISTRecognizer.a in Frameworks */ = {isa = PBXBuildFile; fileRef = EAD5DBB09F7FF04605ACB4C1 /* libPods-PersonalizeMNISTRecognizer.a */; };
		A74A930824042C60007670D8 /* AppDelegate.swift in Sources */ = {isa = PBXBuildFile; fileRef = A74A930724042C60007670D8 /* AppDelegate.swift */; };
		A74A930A24042C60007670D8 /* SceneDelegate.swift in Sources */ = {isa = PBXBuildFile; fileRef = A74A930924042C60007670D8 /* SceneDelegate.swift */; };
		A74A930C24042C60007670D8 /* ViewController.swift in Sources */ = {isa = PBXBuildFile; fileRef = A74A930B24042C60007670D8 /* ViewController.swift */; };
		A74A930F24042C60007670D8 /* Main.storyboard in Resources */ = {isa = PBXBuildFile; fileRef = A74A930D24042C60007670D8 /* Main.storyboard */; };
		A74A931124042C61007670D8 /* Assets.xcassets in Resources */ = {isa = PBXBuildFile; fileRef = A74A931024042C61007670D8 /* Assets.xcassets */; };
		A74A931424042C61007670D8 /* LaunchScreen.storyboard in Resources */ = {isa = PBXBuildFile; fileRef = A74A931224042C61007670D8 /* LaunchScreen.storyboard */; };
		A7BCED5124050A9200B63BCD /* EvaluateModelViewController.swift in Sources */ = {isa = PBXBuildFile; fileRef = A7BCED5024050A9200B63BCD /* EvaluateModelViewController.swift */; };
		A7BCED57240519F800B63BCD /* MNISTClassifierApple.mlmodel in Sources */ = {isa = PBXBuildFile; fileRef = A7BCED56240519F800B63BCD /* MNISTClassifierApple.mlmodel */; };
		A7BCED592405273000B63BCD /* CustomMNISTViewController.swift in Sources */ = {isa = PBXBuildFile; fileRef = A7BCED582405273000B63BCD /* CustomMNISTViewController.swift */; };
		A7BCED5D24054F8E00B63BCD /* mnist.mlmodel in Sources */ = {isa = PBXBuildFile; fileRef = A7BCED5C24054F8E00B63BCD /* mnist.mlmodel */; };
		A7F20DCF2404E41E002CD2D6 /* CanvasView.swift in Sources */ = {isa = PBXBuildFile; fileRef = A7F20DCE2404E41E002CD2D6 /* CanvasView.swift */; };
		A7F20DD12404E7CF002CD2D6 /* AddDatasetViewController.swift in Sources */ = {isa = PBXBuildFile; fileRef = A7F20DD02404E7CF002CD2D6 /* AddDatasetViewController.swift */; };
/* End PBXBuildFile section */

/* Begin PBXFileReference section */
		A74A930424042C60007670D8 /* PersonalizeMNISTRecognizer.app */ = {isa = PBXFileReference; explicitFileType = wrapper.application; includeInIndex = 0; path = PersonalizeMNISTRecognizer.app; sourceTree = BUILT_PRODUCTS_DIR; };
		A74A930724042C60007670D8 /* AppDelegate.swift */ = {isa = PBXFileReference; lastKnownFileType = sourcecode.swift; path = AppDelegate.swift; sourceTree = "<group>"; };
		A74A930924042C60007670D8 /* SceneDelegate.swift */ = {isa = PBXFileReference; lastKnownFileType = sourcecode.swift; path = SceneDelegate.swift; sourceTree = "<group>"; };
		A74A930B24042C60007670D8 /* ViewController.swift */ = {isa = PBXFileReference; lastKnownFileType = sourcecode.swift; path = ViewController.swift; sourceTree = "<group>"; };
		A74A930E24042C60007670D8 /* Base */ = {isa = PBXFileReference; lastKnownFileType = file.storyboard; name = Base; path = Base.lproj/Main.storyboard; sourceTree = "<group>"; };
		A74A931024042C61007670D8 /* Assets.xcassets */ = {isa = PBXFileReference; lastKnownFileType = folder.assetcatalog; path = Assets.xcassets; sourceTree = "<group>"; };
		A74A931324042C61007670D8 /* Base */ = {isa = PBXFileReference; lastKnownFileType = file.storyboard; name = Base; path = Base.lproj/LaunchScreen.storyboard; sourceTree = "<group>"; };
		A74A931524042C61007670D8 /* Info.plist */ = {isa = PBXFileReference; lastKnownFileType = text.plist.xml; path = Info.plist; sourceTree = "<group>"; };
		A7BCED5024050A9200B63BCD /* EvaluateModelViewController.swift */ = {isa = PBXFileReference; lastKnownFileType = sourcecode.swift; path = EvaluateModelViewController.swift; sourceTree = "<group>"; };
		A7BCED56240519F800B63BCD /* MNISTClassifierApple.mlmodel */ = {isa = PBXFileReference; lastKnownFileType = file.mlmodel; path = MNISTClassifierApple.mlmodel; sourceTree = "<group>"; };
		A7BCED582405273000B63BCD /* CustomMNISTViewController.swift */ = {isa = PBXFileReference; lastKnownFileType = sourcecode.swift; path = CustomMNISTViewController.swift; sourceTree = "<group>"; };
		A7BCED5C24054F8E00B63BCD /* mnist.mlmodel */ = {isa = PBXFileReference; lastKnownFileType = file.mlmodel; name = mnist.mlmodel; path = ../../../../Downloads/mnist.mlmodel; sourceTree = "<group>"; };
		A7F20DCE2404E41E002CD2D6 /* CanvasView.swift */ = {isa = PBXFileReference; fileEncoding = 4; lastKnownFileType = sourcecode.swift; path = CanvasView.swift; sourceTree = "<group>"; };
		A7F20DD02404E7CF002CD2D6 /* AddDatasetViewController.swift */ = {isa = PBXFileReference; lastKnownFileType = sourcecode.swift; path = AddDatasetViewController.swift; sourceTree = "<group>"; };
		EAD5DBB09F7FF04605ACB4C1 /* libPods-PersonalizeMNISTRecognizer.a */ = {isa = PBXFileReference; explicitFileType = archive.ar; includeInIndex = 0; path = "libPods-PersonalizeMNISTRecognizer.a"; sourceTree = BUILT_PRODUCTS_DIR; };
		EFE1B0FBECF95E5A955B7A4C /* Pods-PersonalizeMNISTRecognizer.debug.xcconfig */ = {isa = PBXFileReference; includeInIndex = 1; lastKnownFileType = text.xcconfig; name = "Pods-PersonalizeMNISTRecognizer.debug.xcconfig"; path = "Target Support Files/Pods-PersonalizeMNISTRecognizer/Pods-PersonalizeMNISTRecognizer.debug.xcconfig"; sourceTree = "<group>"; };
		FD29481AD851B957EAF024EA /* Pods-PersonalizeMNISTRecognizer.release.xcconfig */ = {isa = PBXFileReference; includeInIndex = 1; lastKnownFileType = text.xcconfig; name = "Pods-PersonalizeMNISTRecognizer.release.xcconfig"; path = "Target Support Files/Pods-PersonalizeMNISTRecognizer/Pods-PersonalizeMNISTRecognizer.release.xcconfig"; sourceTree = "<group>"; };
/* End PBXFileReference section */

/* Begin PBXFrameworksBuildPhase section */
		A74A930124042C60007670D8 /* Frameworks */ = {
			isa = PBXFrameworksBuildPhase;
			buildActionMask = 2147483647;
			files = (
				12234E97471AF60BFC94B9D9 /* libPods-PersonalizeMNISTRecognizer.a in Frameworks */,
			);
			runOnlyForDeploymentPostprocessing = 0;
		};
/* End PBXFrameworksBuildPhase section */

/* Begin PBXGroup section */
		003E593A1C6CCF9F7F06DFE6 /* Pods */ = {
			isa = PBXGroup;
			children = (
				EFE1B0FBECF95E5A955B7A4C /* Pods-PersonalizeMNISTRecognizer.debug.xcconfig */,
				FD29481AD851B957EAF024EA /* Pods-PersonalizeMNISTRecognizer.release.xcconfig */,
			);
			path = Pods;
			sourceTree = "<group>";
		};
		00E31B592878CF4BB25707B6 /* Frameworks */ = {
			isa = PBXGroup;
			children = (
				EAD5DBB09F7FF04605ACB4C1 /* libPods-PersonalizeMNISTRecognizer.a */,
			);
			name = Frameworks;
			sourceTree = "<group>";
		};
		A74A92FB24042C60007670D8 = {
			isa = PBXGroup;
			children = (
				A74A930624042C60007670D8 /* PersonalizeMNISTRecognizer */,
				A74A930524042C60007670D8 /* Products */,
				003E593A1C6CCF9F7F06DFE6 /* Pods */,
				00E31B592878CF4BB25707B6 /* Frameworks */,
			);
			sourceTree = "<group>";
		};
		A74A930524042C60007670D8 /* Products */ = {
			isa = PBXGroup;
			children = (
				A74A930424042C60007670D8 /* PersonalizeMNISTRecognizer.app */,
			);
			name = Products;
			sourceTree = "<group>";
		};
		A74A930624042C60007670D8 /* PersonalizeMNISTRecognizer */ = {
			isa = PBXGroup;
			children = (
				A74A930724042C60007670D8 /* AppDelegate.swift */,
				A74A930924042C60007670D8 /* SceneDelegate.swift */,
				A7F20DCB2404E3D3002CD2D6 /* Model */,
				A7F20DCA2404E3CE002CD2D6 /* View */,
				A7F20DC92404E3BD002CD2D6 /* Controller */,
				A74A931024042C61007670D8 /* Assets.xcassets */,
				A74A931524042C61007670D8 /* Info.plist */,
			);
			path = PersonalizeMNISTRecognizer;
			sourceTree = "<group>";
		};
		A7F20DC92404E3BD002CD2D6 /* Controller */ = {
			isa = PBXGroup;
			children = (
				A74A930B24042C60007670D8 /* ViewController.swift */,
				A7F20DCE2404E41E002CD2D6 /* CanvasView.swift */,
				A7F20DD02404E7CF002CD2D6 /* AddDatasetViewController.swift */,
				A7BCED5024050A9200B63BCD /* EvaluateModelViewController.swift */,
				A7BCED582405273000B63BCD /* CustomMNISTViewController.swift */,
			);
			path = Controller;
			sourceTree = "<group>";
		};
		A7F20DCA2404E3CE002CD2D6 /* View */ = {
			isa = PBXGroup;
			children = (
				A74A930D24042C60007670D8 /* Main.storyboard */,
				A74A931224042C61007670D8 /* LaunchScreen.storyboard */,
			);
			path = View;
			sourceTree = "<group>";
		};
		A7F20DCB2404E3D3002CD2D6 /* Model */ = {
			isa = PBXGroup;
			children = (
				A7BCED56240519F800B63BCD /* MNISTClassifierApple.mlmodel */,
				A7BCED5C24054F8E00B63BCD /* mnist.mlmodel */,
			);
			path = Model;
			sourceTree = "<group>";
		};
/* End PBXGroup section */

/* Begin PBXNativeTarget section */
		A74A930324042C60007670D8 /* PersonalizeMNISTRecognizer */ = {
			isa = PBXNativeTarget;
			buildConfigurationList = A74A931824042C61007670D8 /* Build configuration list for PBXNativeTarget "PersonalizeMNISTRecognizer" */;
			buildPhases = (
				7764959F48DD989784D1472A /* [CP] Check Pods Manifest.lock */,
				A74A930024042C60007670D8 /* Sources */,
				A74A930124042C60007670D8 /* Frameworks */,
				A74A930224042C60007670D8 /* Resources */,
			);
			buildRules = (
			);
			dependencies = (
			);
			name = PersonalizeMNISTRecognizer;
			productName = PersonalizeMNISTRecognizer;
			productReference = A74A930424042C60007670D8 /* PersonalizeMNISTRecognizer.app */;
			productType = "com.apple.product-type.application";
		};
/* End PBXNativeTarget section */

/* Begin PBXProject section */
		A74A92FC24042C60007670D8 /* Project object */ = {
			isa = PBXProject;
			attributes = {
				LastSwiftUpdateCheck = 1130;
				LastUpgradeCheck = 1130;
				ORGANIZATIONNAME = "Aneesh Prabu";
				TargetAttributes = {
					A74A930324042C60007670D8 = {
						CreatedOnToolsVersion = 11.3.1;
					};
				};
			};
			buildConfigurationList = A74A92FF24042C60007670D8 /* Build configuration list for PBXProject "PersonalizeMNISTRecognizer" */;
			compatibilityVersion = "Xcode 9.3";
			developmentRegion = en;
			hasScannedForEncodings = 0;
			knownRegions = (
				en,
				Base,
			);
			mainGroup = A74A92FB24042C60007670D8;
			productRefGroup = A74A930524042C60007670D8 /* Products */;
			projectDirPath = "";
			projectRoot = "";
			targets = (
				A74A930324042C60007670D8 /* PersonalizeMNISTRecognizer */,
			);
		};
/* End PBXProject section */

/* Begin PBXResourcesBuildPhase section */
		A74A930224042C60007670D8 /* Resources */ = {
			isa = PBXResourcesBuildPhase;
			buildActionMask = 2147483647;
			files = (
				A74A931424042C61007670D8 /* LaunchScreen.storyboard in Resources */,
				A74A931124042C61007670D8 /* Assets.xcassets in Resources */,
				A74A930F24042C60007670D8 /* Main.storyboard in Resources */,
			);
			runOnlyForDeploymentPostprocessing = 0;
		};
/* End PBXResourcesBuildPhase section */

/* Begin PBXShellScriptBuildPhase section */
		7764959F48DD989784D1472A /* [CP] Check Pods Manifest.lock */ = {
			isa = PBXShellScriptBuildPhase;
			buildActionMask = 2147483647;
			files = (
			);
			inputFileListPaths = (
			);
			inputPaths = (
				"${PODS_PODFILE_DIR_PATH}/Podfile.lock",
				"${PODS_ROOT}/Manifest.lock",
			);
			name = "[CP] Check Pods Manifest.lock";
			outputFileListPaths = (
			);
			outputPaths = (
				"$(DERIVED_FILE_DIR)/Pods-PersonalizeMNISTRecognizer-checkManifestLockResult.txt",
			);
			runOnlyForDeploymentPostprocessing = 0;
			shellPath = /bin/sh;
			shellScript = "diff \"${PODS_PODFILE_DIR_PATH}/Podfile.lock\" \"${PODS_ROOT}/Manifest.lock\" > /dev/null\nif [ $? != 0 ] ; then\n    # print error to STDERR\n    echo \"error: The sandbox is not in sync with the Podfile.lock. Run 'pod install' or update your CocoaPods installation.\" >&2\n    exit 1\nfi\n# This output is used by Xcode 'outputs' to avoid re-running this script phase.\necho \"SUCCESS\" > \"${SCRIPT_OUTPUT_FILE_0}\"\n";
			showEnvVarsInLog = 0;
		};
/* End PBXShellScriptBuildPhase section */

/* Begin PBXSourcesBuildPhase section */
		A74A930024042C60007670D8 /* Sources */ = {
			isa = PBXSourcesBuildPhase;
			buildActionMask = 2147483647;
			files = (
				A7BCED5124050A9200B63BCD /* EvaluateModelViewController.swift in Sources */,
				A7F20DD12404E7CF002CD2D6 /* AddDatasetViewController.swift in Sources */,
				A74A930C24042C60007670D8 /* ViewController.swift in Sources */,
				A7BCED5D24054F8E00B63BCD /* mnist.mlmodel in Sources */,
				A7F20DCF2404E41E002CD2D6 /* CanvasView.swift in Sources */,
				A74A930824042C60007670D8 /* AppDelegate.swift in Sources */,
				A74A930A24042C60007670D8 /* SceneDelegate.swift in Sources */,
				A7BCED592405273000B63BCD /* CustomMNISTViewController.swift in Sources */,
				A7BCED57240519F800B63BCD /* MNISTClassifierApple.mlmodel in Sources */,
			);
			runOnlyForDeploymentPostprocessing = 0;
		};
/* End PBXSourcesBuildPhase section */

/* Begin PBXVariantGroup section */
		A74A930D24042C60007670D8 /* Main.storyboard */ = {
			isa = PBXVariantGroup;
			children = (
				A74A930E24042C60007670D8 /* Base */,
			);
			name = Main.storyboard;
			sourceTree = "<group>";
		};
		A74A931224042C61007670D8 /* LaunchScreen.storyboard */ = {
			isa = PBXVariantGroup;
			children = (
				A74A931324042C61007670D8 /* Base */,
			);
			name = LaunchScreen.storyboard;
			sourceTree = "<group>";
		};
/* End PBXVariantGroup section */

/* Begin XCBuildConfiguration section */
		A74A931624042C61007670D8 /* Debug */ = {
			isa = XCBuildConfiguration;
			buildSettings = {
				ALWAYS_SEARCH_USER_PATHS = NO;
				CLANG_ANALYZER_NONNULL = YES;
				CLANG_ANALYZER_NUMBER_OBJECT_CONVERSION = YES_AGGRESSIVE;
				CLANG_CXX_LANGUAGE_STANDARD = "gnu++14";
				CLANG_CXX_LIBRARY = "libc++";
				CLANG_ENABLE_MODULES = YES;
				CLANG_ENABLE_OBJC_ARC = YES;
				CLANG_ENABLE_OBJC_WEAK = YES;
				CLANG_WARN_BLOCK_CAPTURE_AUTORELEASING = YES;
				CLANG_WARN_BOOL_CONVERSION = YES;
				CLANG_WARN_COMMA = YES;
				CLANG_WARN_CONSTANT_CONVERSION = YES;
				CLANG_WARN_DEPRECATED_OBJC_IMPLEMENTATIONS = YES;
				CLANG_WARN_DIRECT_OBJC_ISA_USAGE = YES_ERROR;
				CLANG_WARN_DOCUMENTATION_COMMENTS = YES;
				CLANG_WARN_EMPTY_BODY = YES;
				CLANG_WARN_ENUM_CONVERSION = YES;
				CLANG_WARN_INFINITE_RECURSION = YES;
				CLANG_WARN_INT_CONVERSION = YES;
				CLANG_WARN_NON_LITERAL_NULL_CONVERSION = YES;
				CLANG_WARN_OBJC_IMPLICIT_RETAIN_SELF = YES;
				CLANG_WARN_OBJC_LITERAL_CONVERSION = YES;
				CLANG_WARN_OBJC_ROOT_CLASS = YES_ERROR;
				CLANG_WARN_RANGE_LOOP_ANALYSIS = YES;
				CLANG_WARN_STRICT_PROTOTYPES = YES;
				CLANG_WARN_SUSPICIOUS_MOVE = YES;
				CLANG_WARN_UNGUARDED_AVAILABILITY = YES_AGGRESSIVE;
				CLANG_WARN_UNREACHABLE_CODE = YES;
				CLANG_WARN__DUPLICATE_METHOD_MATCH = YES;
				COPY_PHASE_STRIP = NO;
				DEBUG_INFORMATION_FORMAT = dwarf;
				ENABLE_STRICT_OBJC_MSGSEND = YES;
				ENABLE_TESTABILITY = YES;
				GCC_C_LANGUAGE_STANDARD = gnu11;
				GCC_DYNAMIC_NO_PIC = NO;
				GCC_NO_COMMON_BLOCKS = YES;
				GCC_OPTIMIZATION_LEVEL = 0;
				GCC_PREPROCESSOR_DEFINITIONS = (
					"DEBUG=1",
					"$(inherited)",
				);
				GCC_WARN_64_TO_32_BIT_CONVERSION = YES;
				GCC_WARN_ABOUT_RETURN_TYPE = YES_ERROR;
				GCC_WARN_UNDECLARED_SELECTOR = YES;
				GCC_WARN_UNINITIALIZED_AUTOS = YES_AGGRESSIVE;
				GCC_WARN_UNUSED_FUNCTION = YES;
				GCC_WARN_UNUSED_VARIABLE = YES;
				IPHONEOS_DEPLOYMENT_TARGET = 13.2;
				MTL_ENABLE_DEBUG_INFO = INCLUDE_SOURCE;
				MTL_FAST_MATH = YES;
				ONLY_ACTIVE_ARCH = YES;
				SDKROOT = iphoneos;
				SWIFT_ACTIVE_COMPILATION_CONDITIONS = DEBUG;
				SWIFT_OPTIMIZATION_LEVEL = "-Onone";
			};
			name = Debug;
		};
		A74A931724042C61007670D8 /* Release */ = {
			isa = XCBuildConfiguration;
			buildSettings = {
				ALWAYS_SEARCH_USER_PATHS = NO;
				CLANG_ANALYZER_NONNULL = YES;
				CLANG_ANALYZER_NUMBER_OBJECT_CONVERSION = YES_AGGRESSIVE;
				CLANG_CXX_LANGUAGE_STANDARD = "gnu++14";
				CLANG_CXX_LIBRARY = "libc++";
				CLANG_ENABLE_MODULES = YES;
				CLANG_ENABLE_OBJC_ARC = YES;
				CLANG_ENABLE_OBJC_WEAK = YES;
				CLANG_WARN_BLOCK_CAPTURE_AUTORELEASING = YES;
				CLANG_WARN_BOOL_CONVERSION = YES;
				CLANG_WARN_COMMA = YES;
				CLANG_WARN_CONSTANT_CONVERSION = YES;
				CLANG_WARN_DEPRECATED_OBJC_IMPLEMENTATIONS = YES;
				CLANG_WARN_DIRECT_OBJC_ISA_USAGE = YES_ERROR;
				CLANG_WARN_DOCUMENTATION_COMMENTS = YES;
				CLANG_WARN_EMPTY_BODY = YES;
				CLANG_WARN_ENUM_CONVERSION = YES;
				CLANG_WARN_INFINITE_RECURSION = YES;
				CLANG_WARN_INT_CONVERSION = YES;
				CLANG_WARN_NON_LITERAL_NULL_CONVERSION = YES;
				CLANG_WARN_OBJC_IMPLICIT_RETAIN_SELF = YES;
				CLANG_WARN_OBJC_LITERAL_CONVERSION = YES;
				CLANG_WARN_OBJC_ROOT_CLASS = YES_ERROR;
				CLANG_WARN_RANGE_LOOP_ANALYSIS = YES;
				CLANG_WARN_STRICT_PROTOTYPES = YES;
				CLANG_WARN_SUSPICIOUS_MOVE = YES;
				CLANG_WARN_UNGUARDED_AVAILABILITY = YES_AGGRESSIVE;
				CLANG_WARN_UNREACHABLE_CODE = YES;
				CLANG_WARN__DUPLICATE_METHOD_MATCH = YES;
				COPY_PHASE_STRIP = NO;
				DEBUG_INFORMATION_FORMAT = "dwarf-with-dsym";
				ENABLE_NS_ASSERTIONS = NO;
				ENABLE_STRICT_OBJC_MSGSEND = YES;
				GCC_C_LANGUAGE_STANDARD = gnu11;
				GCC_NO_COMMON_BLOCKS = YES;
				GCC_WARN_64_TO_32_BIT_CONVERSION = YES;
				GCC_WARN_ABOUT_RETURN_TYPE = YES_ERROR;
				GCC_WARN_UNDECLARED_SELECTOR = YES;
				GCC_WARN_UNINITIALIZED_AUTOS = YES_AGGRESSIVE;
				GCC_WARN_UNUSED_FUNCTION = YES;
				GCC_WARN_UNUSED_VARIABLE = YES;
				IPHONEOS_DEPLOYMENT_TARGET = 13.2;
				MTL_ENABLE_DEBUG_INFO = NO;
				MTL_FAST_MATH = YES;
				SDKROOT = iphoneos;
				SWIFT_COMPILATION_MODE = wholemodule;
				SWIFT_OPTIMIZATION_LEVEL = "-O";
				VALIDATE_PRODUCT = YES;
			};
			name = Release;
		};
		A74A931924042C61007670D8 /* Debug */ = {
			isa = XCBuildConfiguration;
			baseConfigurationReference = EFE1B0FBECF95E5A955B7A4C /* Pods-PersonalizeMNISTRecognizer.debug.xcconfig */;
			buildSettings = {
				ASSETCATALOG_COMPILER_APPICON_NAME = AppIcon;
				CODE_SIGN_STYLE = Automatic;
				DEVELOPMENT_TEAM = N29A2CP236;
				INFOPLIST_FILE = PersonalizeMNISTRecognizer/Info.plist;
				LD_RUNPATH_SEARCH_PATHS = (
					"$(inherited)",
					"@executable_path/Frameworks",
				);
				PRODUCT_BUNDLE_IDENTIFIER = com.aneeshprabu.PersonalizeMNISTRecognizer;
				PRODUCT_NAME = "$(TARGET_NAME)";
				SWIFT_VERSION = 5.0;
				TARGETED_DEVICE_FAMILY = "1,2";
			};
			name = Debug;
		};
		A74A931A24042C61007670D8 /* Release */ = {
			isa = XCBuildConfiguration;
			baseConfigurationReference = FD29481AD851B957EAF024EA /* Pods-PersonalizeMNISTRecognizer.release.xcconfig */;
			buildSettings = {
				ASSETCATALOG_COMPILER_APPICON_NAME = AppIcon;
				CODE_SIGN_STYLE = Automatic;
				DEVELOPMENT_TEAM = N29A2CP236;
				INFOPLIST_FILE = PersonalizeMNISTRecognizer/Info.plist;
				LD_RUNPATH_SEARCH_PATHS = (
					"$(inherited)",
					"@executable_path/Frameworks",
				);
				PRODUCT_BUNDLE_IDENTIFIER = com.aneeshprabu.PersonalizeMNISTRecognizer;
				PRODUCT_NAME = "$(TARGET_NAME)";
				SWIFT_VERSION = 5.0;
				TARGETED_DEVICE_FAMILY = "1,2";
			};
			name = Release;
		};
/* End XCBuildConfiguration section */

/* Begin XCConfigurationList section */
		A74A92FF24042C60007670D8 /* Build configuration list for PBXProject "PersonalizeMNISTRecognizer" */ = {
			isa = XCConfigurationList;
			buildConfigurations = (
				A74A931624042C61007670D8 /* Debug */,
				A74A931724042C61007670D8 /* Release */,
			);
			defaultConfigurationIsVisible = 0;
			defaultConfigurationName = Release;
		};
		A74A931824042C61007670D8 /* Build configuration list for PBXNativeTarget "PersonalizeMNISTRecognizer" */ = {
			isa = XCConfigurationList;
			buildConfigurations = (
				A74A931924042C61007670D8 /* Debug */,
				A74A931A24042C61007670D8 /* Release */,
			);
			defaultConfigurationIsVisible = 0;
			defaultConfigurationName = Release;
		};
/* End XCConfigurationList section */
	};
	rootObject = A74A92FC24042C60007670D8 /* Project object */;
}
